
Microsoft Visual Studio Solution File, Format Version 12.00
Project("{2150E333-8FDC-42A3-9474-1A3956D46DE8}") = "src", "src", "{14160CF2-7897-416A-A9EE-D83D07671742}"
EndProject
Project("{2150E333-8FDC-42A3-9474-1A3956D46DE8}") = "Core", "Core", "{D43F9D3E-5A11-4D17-A04E-A36A0B5CD193}"
EndProject
Project("{FAE04EC0-301F-11D3-BF4B-00C04F79EFBC}") = "Domain", "src\Core\Domain\Domain.csproj", "{AD97E4E4-FC94-4A0B-B607-9C583968441F}"
EndProject
Project("{FAE04EC0-301F-11D3-BF4B-00C04F79EFBC}") = "Application", "src\Core\Application\Application.csproj", "{7B70EC15-934A-423F-AED5-FD02D72D3CE6}"
EndProject
Project("{2150E333-8FDC-42A3-9474-1A3956D46DE8}") = "Infrastructure", "Infrastructure", "{849D38CF-D12A-40B8-90D2-2E95020643F8}"
EndProject
Project("{FAE04EC0-301F-11D3-BF4B-00C04F79EFBC}") = "Persistence", "src\Infrastructure\Persistence\Persistence.csproj", "{2DDC4556-6908-42E5-8A31-B669ED221184}"
EndProject
Project("{FAE04EC0-301F-11D3-BF4B-00C04F79EFBC}") = "Infrastructure", "src\Infrastructure\Infrastructure\Infrastructure.csproj", "{3CDBE05C-182E-4D6C-B635-89A1792D4B7B}"
EndProject
Project("{2150E333-8FDC-42A3-9474-1A3956D46DE8}") = "Presentation", "Presentation", "{F08F1D10-B6ED-4E4D-82DF-8A11B99E588C}"
EndProject
Project("{FAE04EC0-301F-11D3-BF4B-00C04F79EFBC}") = "API", "src\Presentation\API\API.csproj", "{BEF2D91C-51FA-4189-B3E4-FB7A8C0766E9}"
EndProject
Project("{FAE04EC0-301F-11D3-BF4B-00C04F79EFBC}") = "Web", "src\Presentation\Web\Web.csproj", "{82B11B10-BCEE-4242-B5FC-3A4C0C5C075F}"
EndProject
Global
	GlobalSection(SolutionConfigurationPlatforms) = preSolution
		Debug|Any CPU = Debug|Any CPU
		Release|Any CPU = Release|Any CPU
	EndGlobalSection
	GlobalSection(NestedProjects) = preSolution
		{D43F9D3E-5A11-4D17-A04E-A36A0B5CD193} = {14160CF2-7897-416A-A9EE-D83D07671742}
		{AD97E4E4-FC94-4A0B-B607-9C583968441F} = {D43F9D3E-5A11-4D17-A04E-A36A0B5CD193}
		{7B70EC15-934A-423F-AED5-FD02D72D3CE6} = {D43F9D3E-5A11-4D17-A04E-A36A0B5CD193}
		{849D38CF-D12A-40B8-90D2-2E95020643F8} = {14160CF2-7897-416A-A9EE-D83D07671742}
		{2DDC4556-6908-42E5-8A31-B669ED221184} = {849D38CF-D12A-40B8-90D2-2E95020643F8}
		{3CDBE05C-182E-4D6C-B635-89A1792D4B7B} = {849D38CF-D12A-40B8-90D2-2E95020643F8}
		{F08F1D10-B6ED-4E4D-82DF-8A11B99E588C} = {14160CF2-7897-416A-A9EE-D83D07671742}
		{BEF2D91C-51FA-4189-B3E4-FB7A8C0766E9} = {F08F1D10-B6ED-4E4D-82DF-8A11B99E588C}
		{82B11B10-BCEE-4242-B5FC-3A4C0C5C075F} = {F08F1D10-B6ED-4E4D-82DF-8A11B99E588C}
	EndGlobalSection
	GlobalSection(ProjectConfigurationPlatforms) = postSolution
		{AD97E4E4-FC94-4A0B-B607-9C583968441F}.Debug|Any CPU.ActiveCfg = Debug|Any CPU
		{AD97E4E4-FC94-4A0B-B607-9C583968441F}.Debug|Any CPU.Build.0 = Debug|Any CPU
		{AD97E4E4-FC94-4A0B-B607-9C583968441F}.Release|Any CPU.ActiveCfg = Release|Any CPU
		{AD97E4E4-FC94-4A0B-B607-9C583968441F}.Release|Any CPU.Build.0 = Release|Any CPU
		{7B70EC15-934A-423F-AED5-FD02D72D3CE6}.Debug|Any CPU.ActiveCfg = Debug|Any CPU
		{7B70EC15-934A-423F-AED5-FD02D72D3CE6}.Debug|Any CPU.Build.0 = Debug|Any CPU
		{7B70EC15-934A-423F-AED5-FD02D72D3CE6}.Release|Any CPU.ActiveCfg = Release|Any CPU
		{7B70EC15-934A-423F-AED5-FD02D72D3CE6}.Release|Any CPU.Build.0 = Release|Any CPU
		{2DDC4556-6908-42E5-8A31-B669ED221184}.Debug|Any CPU.ActiveCfg = Debug|Any CPU
		{2DDC4556-6908-42E5-8A31-B669ED221184}.Debug|Any CPU.Build.0 = Debug|Any CPU
		{2DDC4556-6908-42E5-8A31-B669ED221184}.Release|Any CPU.ActiveCfg = Release|Any CPU
		{2DDC4556-6908-42E5-8A31-B669ED221184}.Release|Any CPU.Build.0 = Release|Any CPU
		{3CDBE05C-182E-4D6C-B635-89A1792D4B7B}.Debug|Any CPU.ActiveCfg = Debug|Any CPU
		{3CDBE05C-182E-4D6C-B635-89A1792D4B7B}.Debug|Any CPU.Build.0 = Debug|Any CPU
		{3CDBE05C-182E-4D6C-B635-89A1792D4B7B}.Release|Any CPU.ActiveCfg = Release|Any CPU
		{3CDBE05C-182E-4D6C-B635-89A1792D4B7B}.Release|Any CPU.Build.0 = Release|Any CPU
		{BEF2D91C-51FA-4189-B3E4-FB7A8C0766E9}.Debug|Any CPU.ActiveCfg = Debug|Any CPU
		{BEF2D91C-51FA-4189-B3E4-FB7A8C0766E9}.Debug|Any CPU.Build.0 = Debug|Any CPU
		{BEF2D91C-51FA-4189-B3E4-FB7A8C0766E9}.Release|Any CPU.ActiveCfg = Release|Any CPU
		{BEF2D91C-51FA-4189-B3E4-FB7A8C0766E9}.Release|Any CPU.Build.0 = Release|Any CPU
		{82B11B10-BCEE-4242-B5FC-3A4C0C5C075F}.Debug|Any CPU.ActiveCfg = Debug|Any CPU
		{82B11B10-BCEE-4242-B5FC-3A4C0C5C075F}.Debug|Any CPU.Build.0 = Debug|Any CPU
		{82B11B10-BCEE-4242-B5FC-3A4C0C5C075F}.Release|Any CPU.ActiveCfg = Release|Any CPU
		{82B11B10-BCEE-4242-B5FC-3A4C0C5C075F}.Release|Any CPU.Build.0 = Release|Any CPU
	EndGlobalSection
EndGlobal
